// !$*UTF8*$!
{
	archiveVersion = 1;
	classes = {
	};
	objectVersion = 46;
	objects = {

/* Begin PBXBuildFile section */
		C50B6B591BB5DA5A0049E00E /* AppDelegate.swift in Sources */ = {isa = PBXBuildFile; fileRef = C50B6B581BB5DA5A0049E00E /* AppDelegate.swift */; };
		C50B6B5B1BB5DA5A0049E00E /* ViewController.swift in Sources */ = {isa = PBXBuildFile; fileRef = C50B6B5A1BB5DA5A0049E00E /* ViewController.swift */; };
		C50B6B5E1BB5DA5A0049E00E /* Main.storyboard in Resources */ = {isa = PBXBuildFile; fileRef = C50B6B5C1BB5DA5A0049E00E /* Main.storyboard */; };
		C50B6B601BB5DA5A0049E00E /* Assets.xcassets in Resources */ = {isa = PBXBuildFile; fileRef = C50B6B5F1BB5DA5A0049E00E /* Assets.xcassets */; };
		C50B6B631BB5DA5A0049E00E /* LaunchScreen.storyboard in Resources */ = {isa = PBXBuildFile; fileRef = C50B6B611BB5DA5A0049E00E /* LaunchScreen.storyboard */; };
		C50B6B6E1BB5DA5A0049E00E /* LiveGifsTests.swift in Sources */ = {isa = PBXBuildFile; fileRef = C50B6B6D1BB5DA5A0049E00E /* LiveGifsTests.swift */; };
		C50B6B791BB5DA5A0049E00E /* LiveGifsUITests.swift in Sources */ = {isa = PBXBuildFile; fileRef = C50B6B781BB5DA5A0049E00E /* LiveGifsUITests.swift */; };
/* End PBXBuildFile section */

/* Begin PBXContainerItemProxy section */
		C50B6B6A1BB5DA5A0049E00E /* PBXContainerItemProxy */ = {
			isa = PBXContainerItemProxy;
			containerPortal = C50B6B4D1BB5DA590049E00E /* Project object */;
			proxyType = 1;
			remoteGlobalIDString = C50B6B541BB5DA5A0049E00E;
			remoteInfo = LiveGifs;
		};
		C50B6B751BB5DA5A0049E00E /* PBXContainerItemProxy */ = {
			isa = PBXContainerItemProxy;
			containerPortal = C50B6B4D1BB5DA590049E00E /* Project object */;
			proxyType = 1;
			remoteGlobalIDString = C50B6B541BB5DA5A0049E00E;
			remoteInfo = LiveGifs;
		};
/* End PBXContainerItemProxy section */

/* Begin PBXFileReference section */
		C50B6B551BB5DA5A0049E00E /* LiveGifs.app */ = {isa = PBXFileReference; explicitFileType = wrapper.application; includeInIndex = 0; path = LiveGifs.app; sourceTree = BUILT_PRODUCTS_DIR; };
		C50B6B581BB5DA5A0049E00E /* AppDelegate.swift */ = {isa = PBXFileReference; lastKnownFileType = sourcecode.swift; path = AppDelegate.swift; sourceTree = "<group>"; };
		C50B6B5A1BB5DA5A0049E00E /* ViewController.swift */ = {isa = PBXFileReference; lastKnownFileType = sourcecode.swift; path = ViewController.swift; sourceTree = "<group>"; };
		C50B6B5D1BB5DA5A0049E00E /* Base */ = {isa = PBXFileReference; lastKnownFileType = file.storyboard; name = Base; path = Base.lproj/Main.storyboard; sourceTree = "<group>"; };
		C50B6B5F1BB5DA5A0049E00E /* Assets.xcassets */ = {isa = PBXFileReference; lastKnownFileType = folder.assetcatalog; path = Assets.xcassets; sourceTree = "<group>"; };
		C50B6B621BB5DA5A0049E00E /* Base */ = {isa = PBXFileReference; lastKnownFileType = file.storyboard; name = Base; path = Base.lproj/LaunchScreen.storyboard; sourceTree = "<group>"; };
		C50B6B641BB5DA5A0049E00E /* Info.plist */ = {isa = PBXFileReference; lastKnownFileType = text.plist.xml; path = Info.plist; sourceTree = "<group>"; };
		C50B6B691BB5DA5A0049E00E /* LiveGifsTests.xctest */ = {isa = PBXFileReference; explicitFileType = wrapper.cfbundle; includeInIndex = 0; path = LiveGifsTests.xctest; sourceTree = BUILT_PRODUCTS_DIR; };
		C50B6B6D1BB5DA5A0049E00E /* LiveGifsTests.swift */ = {isa = PBXFileReference; lastKnownFileType = sourcecode.swift; path = LiveGifsTests.swift; sourceTree = "<group>"; };
		C50B6B6F1BB5DA5A0049E00E /* Info.plist */ = {isa = PBXFileReference; lastKnownFileType = text.plist.xml; path = Info.plist; sourceTree = "<group>"; };
		C50B6B741BB5DA5A0049E00E /* LiveGifsUITests.xctest */ = {isa = PBXFileReference; explicitFileType = wrapper.cfbundle; includeInIndex = 0; path = LiveGifsUITests.xctest; sourceTree = BUILT_PRODUCTS_DIR; };
		C50B6B781BB5DA5A0049E00E /* LiveGifsUITests.swift */ = {isa = PBXFileReference; lastKnownFileType = sourcecode.swift; path = LiveGifsUITests.swift; sourceTree = "<group>"; };
		C50B6B7A1BB5DA5A0049E00E /* Info.plist */ = {isa = PBXFileReference; lastKnownFileType = text.plist.xml; path = Info.plist; sourceTree = "<group>"; };
/* End PBXFileReference section */

/* Begin PBXFrameworksBuildPhase section */
		C50B6B521BB5DA5A0049E00E /* Frameworks */ = {
			isa = PBXFrameworksBuildPhase;
			buildActionMask = 2147483647;
			files = (
			);
			runOnlyForDeploymentPostprocessing = 0;
		};
		C50B6B661BB5DA5A0049E00E /* Frameworks */ = {
			isa = PBXFrameworksBuildPhase;
			buildActionMask = 2147483647;
			files = (
			);
			runOnlyForDeploymentPostprocessing = 0;
		};
		C50B6B711BB5DA5A0049E00E /* Frameworks */ = {
			isa = PBXFrameworksBuildPhase;
			buildActionMask = 2147483647;
			files = (
			);
			runOnlyForDeploymentPostprocessing = 0;
		};
/* End PBXFrameworksBuildPhase section */

/* Begin PBXGroup section */
		C50B6B4C1BB5DA590049E00E = {
			isa = PBXGroup;
			children = (
				C50B6B571BB5DA5A0049E00E /* LiveGifs */,
				C50B6B6C1BB5DA5A0049E00E /* LiveGifsTests */,
				C50B6B771BB5DA5A0049E00E /* LiveGifsUITests */,
				C50B6B561BB5DA5A0049E00E /* Products */,
			);
			sourceTree = "<group>";
		};
		C50B6B561BB5DA5A0049E00E /* Products */ = {
			isa = PBXGroup;
			children = (
				C50B6B551BB5DA5A0049E00E /* LiveGifs.app */,
				C50B6B691BB5DA5A0049E00E /* LiveGifsTests.xctest */,
				C50B6B741BB5DA5A0049E00E /* LiveGifsUITests.xctest */,
			);
			name = Products;
			sourceTree = "<group>";
		};
		C50B6B571BB5DA5A0049E00E /* LiveGifs */ = {
			isa = PBXGroup;
			children = (
				C50B6B581BB5DA5A0049E00E /* AppDelegate.swift */,
				C50B6B5A1BB5DA5A0049E00E /* ViewController.swift */,
				C50B6B5C1BB5DA5A0049E00E /* Main.storyboard */,
				C50B6B5F1BB5DA5A0049E00E /* Assets.xcassets */,
				C50B6B611BB5DA5A0049E00E /* LaunchScreen.storyboard */,
				C50B6B641BB5DA5A0049E00E /* Info.plist */,
			);
			path = LiveGifs;
			sourceTree = "<group>";
		};
		C50B6B6C1BB5DA5A0049E00E /* LiveGifsTests */ = {
			isa = PBXGroup;
			children = (
				C50B6B6D1BB5DA5A0049E00E /* LiveGifsTests.swift */,
				C50B6B6F1BB5DA5A0049E00E /* Info.plist */,
			);
			path = LiveGifsTests;
			sourceTree = "<group>";
		};
		C50B6B771BB5DA5A0049E00E /* LiveGifsUITests */ = {
			isa = PBXGroup;
			children = (
				C50B6B781BB5DA5A0049E00E /* LiveGifsUITests.swift */,
				C50B6B7A1BB5DA5A0049E00E /* Info.plist */,
			);
			path = LiveGifsUITests;
			sourceTree = "<group>";
		};
/* End PBXGroup section */

/* Begin PBXNativeTarget section */
		C50B6B541BB5DA5A0049E00E /* LiveGifs */ = {
			isa = PBXNativeTarget;
			buildConfigurationList = C50B6B7D1BB5DA5A0049E00E /* Build configuration list for PBXNativeTarget "LiveGifs" */;
			buildPhases = (
				C50B6B511BB5DA5A0049E00E /* Sources */,
				C50B6B521BB5DA5A0049E00E /* Frameworks */,
				C50B6B531BB5DA5A0049E00E /* Resources */,
			);
			buildRules = (
			);
			dependencies = (
			);
			name = LiveGifs;
			productName = LiveGifs;
			productReference = C50B6B551BB5DA5A0049E00E /* LiveGifs.app */;
			productType = "com.apple.product-type.application";
		};
		C50B6B681BB5DA5A0049E00E /* LiveGifsTests */ = {
			isa = PBXNativeTarget;
			buildConfigurationList = C50B6B801BB5DA5A0049E00E /* Build configuration list for PBXNativeTarget "LiveGifsTests" */;
			buildPhases = (
				C50B6B651BB5DA5A0049E00E /* Sources */,
				C50B6B661BB5DA5A0049E00E /* Frameworks */,
				C50B6B671BB5DA5A0049E00E /* Resources */,
			);
			buildRules = (
			);
			dependencies = (
				C50B6B6B1BB5DA5A0049E00E /* PBXTargetDependency */,
			);
			name = LiveGifsTests;
			productName = LiveGifsTests;
			productReference = C50B6B691BB5DA5A0049E00E /* LiveGifsTests.xctest */;
			productType = "com.apple.product-type.bundle.unit-test";
		};
		C50B6B731BB5DA5A0049E00E /* LiveGifsUITests */ = {
			isa = PBXNativeTarget;
			buildConfigurationList = C50B6B831BB5DA5A0049E00E /* Build configuration list for PBXNativeTarget "LiveGifsUITests" */;
			buildPhases = (
				C50B6B701BB5DA5A0049E00E /* Sources */,
				C50B6B711BB5DA5A0049E00E /* Frameworks */,
				C50B6B721BB5DA5A0049E00E /* Resources */,
			);
			buildRules = (
			);
			dependencies = (
				C50B6B761BB5DA5A0049E00E /* PBXTargetDependency */,
			);
			name = LiveGifsUITests;
			productName = LiveGifsUITests;
			productReference = C50B6B741BB5DA5A0049E00E /* LiveGifsUITests.xctest */;
			productType = "com.apple.product-type.bundle.ui-testing";
		};
/* End PBXNativeTarget section */

/* Begin PBXProject section */
		C50B6B4D1BB5DA590049E00E /* Project object */ = {
			isa = PBXProject;
			attributes = {
				LastUpgradeCheck = 0700;
				ORGANIZATIONNAME = "Cameron Little";
				TargetAttributes = {
					C50B6B541BB5DA5A0049E00E = {
						CreatedOnToolsVersion = 7.0;
					};
					C50B6B681BB5DA5A0049E00E = {
						CreatedOnToolsVersion = 7.0;
						TestTargetID = C50B6B541BB5DA5A0049E00E;
					};
					C50B6B731BB5DA5A0049E00E = {
						CreatedOnToolsVersion = 7.0;
						TestTargetID = C50B6B541BB5DA5A0049E00E;
					};
				};
			};
			buildConfigurationList = C50B6B501BB5DA5A0049E00E /* Build configuration list for PBXProject "LiveGifs" */;
			compatibilityVersion = "Xcode 3.2";
			developmentRegion = English;
			hasScannedForEncodings = 0;
			knownRegions = (
				en,
				Base,
			);
			mainGroup = C50B6B4C1BB5DA590049E00E;
			productRefGroup = C50B6B561BB5DA5A0049E00E /* Products */;
			projectDirPath = "";
			projectRoot = "";
			targets = (
				C50B6B541BB5DA5A0049E00E /* LiveGifs */,
				C50B6B681BB5DA5A0049E00E /* LiveGifsTests */,
				C50B6B731BB5DA5A0049E00E /* LiveGifsUITests */,
			);
		};
/* End PBXProject section */

/* Begin PBXResourcesBuildPhase section */
		C50B6B531BB5DA5A0049E00E /* Resources */ = {
			isa = PBXResourcesBuildPhase;
			buildActionMask = 2147483647;
			files = (
				C50B6B631BB5DA5A0049E00E /* LaunchScreen.storyboard in Resources */,
				C50B6B601BB5DA5A0049E00E /* Assets.xcassets in Resources */,
				C50B6B5E1BB5DA5A0049E00E /* Main.storyboard in Resources */,
			);
			runOnlyForDeploymentPostprocessing = 0;
		};
		C50B6B671BB5DA5A0049E00E /* Resources */ = {
			isa = PBXResourcesBuildPhase;
			buildActionMask = 2147483647;
			files = (
			);
			runOnlyForDeploymentPostprocessing = 0;
		};
		C50B6B721BB5DA5A0049E00E /* Resources */ = {
			isa = PBXResourcesBuildPhase;
			buildActionMask = 2147483647;
			files = (
			);
			runOnlyForDeploymentPostprocessing = 0;
		};
/* End PBXResourcesBuildPhase section */

/* Begin PBXSourcesBuildPhase section */
		C50B6B511BB5DA5A0049E00E /* Sources */ = {
			isa = PBXSourcesBuildPhase;
			buildActionMask = 2147483647;
			files = (
				C50B6B5B1BB5DA5A0049E00E /* ViewController.swift in Sources */,
				C50B6B591BB5DA5A0049E00E /* AppDelegate.swift in Sources */,
			);
			runOnlyForDeploymentPostprocessing = 0;
		};
		C50B6B651BB5DA5A0049E00E /* Sources */ = {
			isa = PBXSourcesBuildPhase;
			buildActionMask = 2147483647;
			files = (
				C50B6B6E1BB5DA5A0049E00E /* LiveGifsTests.swift in Sources */,
			);
			runOnlyForDeploymentPostprocessing = 0;
		};
		C50B6B701BB5DA5A0049E00E /* Sources */ = {
			isa = PBXSourcesBuildPhase;
			buildActionMask = 2147483647;
			files = (
				C50B6B791BB5DA5A0049E00E /* LiveGifsUITests.swift in Sources */,
			);
			runOnlyForDeploymentPostprocessing = 0;
		};
/* End PBXSourcesBuildPhase section */

/* Begin PBXTargetDependency section */
		C50B6B6B1BB5DA5A0049E00E /* PBXTargetDependency */ = {
			isa = PBXTargetDependency;
			target = C50B6B541BB5DA5A0049E00E /* LiveGifs */;
			targetProxy = C50B6B6A1BB5DA5A0049E00E /* PBXContainerItemProxy */;
		};
		C50B6B761BB5DA5A0049E00E /* PBXTargetDependency */ = {
			isa = PBXTargetDependency;
			target = C50B6B541BB5DA5A0049E00E /* LiveGifs */;
			targetProxy = C50B6B751BB5DA5A0049E00E /* PBXContainerItemProxy */;
		};
/* End PBXTargetDependency section */

/* Begin PBXVariantGroup section */
		C50B6B5C1BB5DA5A0049E00E /* Main.storyboard */ = {
			isa = PBXVariantGroup;
			children = (
				C50B6B5D1BB5DA5A0049E00E /* Base */,
			);
			name = Main.storyboard;
			sourceTree = "<group>";
		};
		C50B6B611BB5DA5A0049E00E /* LaunchScreen.storyboard */ = {
			isa = PBXVariantGroup;
			children = (
				C50B6B621BB5DA5A0049E00E /* Base */,
			);
			name = LaunchScreen.storyboard;
			sourceTree = "<group>";
		};
/* End PBXVariantGroup section */

/* Begin XCBuildConfiguration section */
		C50B6B7B1BB5DA5A0049E00E /* Debug */ = {
			isa = XCBuildConfiguration;
			buildSettings = {
				ALWAYS_SEARCH_USER_PATHS = NO;
				CLANG_CXX_LANGUAGE_STANDARD = "gnu++0x";
				CLANG_CXX_LIBRARY = "libc++";
				CLANG_ENABLE_MODULES = YES;
				CLANG_ENABLE_OBJC_ARC = YES;
				CLANG_WARN_BOOL_CONVERSION = YES;
				CLANG_WARN_CONSTANT_CONVERSION = YES;
				CLANG_WARN_DIRECT_OBJC_ISA_USAGE = YES_ERROR;
				CLANG_WARN_EMPTY_BODY = YES;
				CLANG_WARN_ENUM_CONVERSION = YES;
				CLANG_WARN_INT_CONVERSION = YES;
				CLANG_WARN_OBJC_ROOT_CLASS = YES_ERROR;
				CLANG_WARN_UNREACHABLE_CODE = YES;
				CLANG_WARN__DUPLICATE_METHOD_MATCH = YES;
				"CODE_SIGN_IDENTITY[sdk=iphoneos*]" = "iPhone Developer";
				COPY_PHASE_STRIP = NO;
				DEBUG_INFORMATION_FORMAT = dwarf;
				ENABLE_STRICT_OBJC_MSGSEND = YES;
				ENABLE_TESTABILITY = YES;
				GCC_C_LANGUAGE_STANDARD = gnu99;
				GCC_DYNAMIC_NO_PIC = NO;
				GCC_NO_COMMON_BLOCKS = YES;
				GCC_OPTIMIZATION_LEVEL = 0;
				GCC_PREPROCESSOR_DEFINITIONS = (
					"DEBUG=1",
					"$(inherited)",
				);
				GCC_WARN_64_TO_32_BIT_CONVERSION = YES;
				GCC_WARN_ABOUT_RETURN_TYPE = YES_ERROR;
				GCC_WARN_UNDECLARED_SELECTOR = YES;
				GCC_WARN_UNINITIALIZED_AUTOS = YES_AGGRESSIVE;
				GCC_WARN_UNUSED_FUNCTION = YES;
				GCC_WARN_UNUSED_VARIABLE = YES;
				IPHONEOS_DEPLOYMENT_TARGET = 9.0;
				MTL_ENABLE_DEBUG_INFO = YES;
				ONLY_ACTIVE_ARCH = YES;
				SDKROOT = iphoneos;
				SWIFT_OPTIMIZATION_LEVEL = "-Onone";
			};
			name = Debug;
		};
		C50B6B7C1BB5DA5A0049E00E /* Release */ = {
			isa = XCBuildConfiguration;
			buildSettings = {
				ALWAYS_SEARCH_USER_PATHS = NO;
				CLANG_CXX_LANGUAGE_STANDARD = "gnu++0x";
				CLANG_CXX_LIBRARY = "libc++";
				CLANG_ENABLE_MODULES = YES;
				CLANG_ENABLE_OBJC_ARC = YES;
				CLANG_WARN_BOOL_CONVERSION = YES;
				CLANG_WARN_CONSTANT_CONVERSION = YES;
				CLANG_WARN_DIRECT_OBJC_ISA_USAGE = YES_ERROR;
				CLANG_WARN_EMPTY_BODY = YES;
				CLANG_WARN_ENUM_CONVERSION = YES;
				CLANG_WARN_INT_CONVERSION = YES;
				CLANG_WARN_OBJC_ROOT_CLASS = YES_ERROR;
				CLANG_WARN_UNREACHABLE_CODE = YES;
				CLANG_WARN__DUPLICATE_METHOD_MATCH = YES;
				"CODE_SIGN_IDENTITY[sdk=iphoneos*]" = "iPhone Developer";
				COPY_PHASE_STRIP = NO;
				DEBUG_INFORMATION_FORMAT = "dwarf-with-dsym";
				ENABLE_NS_ASSERTIONS = NO;
				ENABLE_STRICT_OBJC_MSGSEND = YES;
				GCC_C_LANGUAGE_STANDARD = gnu99;
				GCC_NO_COMMON_BLOCKS = YES;
				GCC_WARN_64_TO_32_BIT_CONVERSION = YES;
				GCC_WARN_ABOUT_RETURN_TYPE = YES_ERROR;
				GCC_WARN_UNDECLARED_SELECTOR = YES;
				GCC_WARN_UNINITIALIZED_AUTOS = YES_AGGRESSIVE;
				GCC_WARN_UNUSED_FUNCTION = YES;
				GCC_WARN_UNUSED_VARIABLE = YES;
				IPHONEOS_DEPLOYMENT_TARGET = 9.0;
				MTL_ENABLE_DEBUG_INFO = NO;
				SDKROOT = iphoneos;
				VALIDATE_PRODUCT = YES;
			};
			name = Release;
		};
		C50B6B7E1BB5DA5A0049E00E /* Debug */ = {
			isa = XCBuildConfiguration;
			buildSettings = {
				ASSETCATALOG_COMPILER_APPICON_NAME = AppIcon;
				INFOPLIST_FILE = LiveGifs/Info.plist;
				LD_RUNPATH_SEARCH_PATHS = "$(inherited) @executable_path/Frameworks";
				PRODUCT_BUNDLE_IDENTIFIER = com.camlittle.LiveGifs;
				PRODUCT_NAME = "$(TARGET_NAME)";
			};
			name = Debug;
		};
		C50B6B7F1BB5DA5A0049E00E /* Release */ = {
			isa = XCBuildConfiguration;
			buildSettings = {
				ASSETCATALOG_COMPILER_APPICON_NAME = AppIcon;
				INFOPLIST_FILE = LiveGifs/Info.plist;
				LD_RUNPATH_SEARCH_PATHS = "$(inherited) @executable_path/Frameworks";
				PRODUCT_BUNDLE_IDENTIFIER = com.camlittle.LiveGifs;
				PRODUCT_NAME = "$(TARGET_NAME)";
			};
			name = Release;
		};
		C50B6B811BB5DA5A0049E00E /* Debug */ = {
			isa = XCBuildConfiguration;
			buildSettings = {
				BUNDLE_LOADER = "$(TEST_HOST)";
				INFOPLIST_FILE = LiveGifsTests/Info.plist;
				LD_RUNPATH_SEARCH_PATHS = "$(inherited) @executable_path/Frameworks @loader_path/Frameworks";
				PRODUCT_BUNDLE_IDENTIFIER = com.camlittle.LiveGifsTests;
				PRODUCT_NAME = "$(TARGET_NAME)";
				TEST_HOST = "$(BUILT_PRODUCTS_DIR)/LiveGifs.app/LiveGifs";
			};
			name = Debug;
		};
		C50B6B821BB5DA5A0049E00E /* Release */ = {
			isa = XCBuildConfiguration;
			buildSettings = {
				BUNDLE_LOADER = "$(TEST_HOST)";
				INFOPLIST_FILE = LiveGifsTests/Info.plist;
				LD_RUNPATH_SEARCH_PATHS = "$(inherited) @executable_path/Frameworks @loader_path/Frameworks";
				PRODUCT_BUNDLE_IDENTIFIER = com.camlittle.LiveGifsTests;
				PRODUCT_NAME = "$(TARGET_NAME)";
				TEST_HOST = "$(BUILT_PRODUCTS_DIR)/LiveGifs.app/LiveGifs";
			};
			name = Release;
		};
		C50B6B841BB5DA5A0049E00E /* Debug */ = {
			isa = XCBuildConfiguration;
			buildSettings = {
				INFOPLIST_FILE = LiveGifsUITests/Info.plist;
				LD_RUNPATH_SEARCH_PATHS = "$(inherited) @executable_path/Frameworks @loader_path/Frameworks";
				PRODUCT_BUNDLE_IDENTIFIER = com.camlittle.LiveGifsUITests;
				PRODUCT_NAME = "$(TARGET_NAME)";
				TEST_TARGET_NAME = LiveGifs;
				USES_XCTRUNNER = YES;
			};
			name = Debug;
		};
		C50B6B851BB5DA5A0049E00E /* Release */ = {
			isa = XCBuildConfiguration;
			buildSettings = {
				INFOPLIST_FILE = LiveGifsUITests/Info.plist;
				LD_RUNPATH_SEARCH_PATHS = "$(inherited) @executable_path/Frameworks @loader_path/Frameworks";
				PRODUCT_BUNDLE_IDENTIFIER = com.camlittle.LiveGifsUITests;
				PRODUCT_NAME = "$(TARGET_NAME)";
				TEST_TARGET_NAME = LiveGifs;
				USES_XCTRUNNER = YES;
			};
			name = Release;
		};
/* End XCBuildConfiguration section */

/* Begin XCConfigurationList section */
		C50B6B501BB5DA5A0049E00E /* Build configuration list for PBXProject "LiveGifs" */ = {
			isa = XCConfigurationList;
			buildConfigurations = (
				C50B6B7B1BB5DA5A0049E00E /* Debug */,
				C50B6B7C1BB5DA5A0049E00E /* Release */,
			);
			defaultConfigurationIsVisible = 0;
			defaultConfigurationName = Release;
		};
		C50B6B7D1BB5DA5A0049E00E /* Build configuration list for PBXNativeTarget "LiveGifs" */ = {
			isa = XCConfigurationList;
			buildConfigurations = (
				C50B6B7E1BB5DA5A0049E00E /* Debug */,
				C50B6B7F1BB5DA5A0049E00E /* Release */,
			);
			defaultConfigurationIsVisible = 0;
		};
		C50B6B801BB5DA5A0049E00E /* Build configuration list for PBXNativeTarget "LiveGifsTests" */ = {
			isa = XCConfigurationList;
			buildConfigurations = (
				C50B6B811BB5DA5A0049E00E /* Debug */,
				C50B6B821BB5DA5A0049E00E /* Release */,
			);
			defaultConfigurationIsVisible = 0;
		};
		C50B6B831BB5DA5A0049E00E /* Build configuration list for PBXNativeTarget "LiveGifsUITests" */ = {
			isa = XCConfigurationList;
			buildConfigurations = (
				C50B6B841BB5DA5A0049E00E /* Debug */,
				C50B6B851BB5DA5A0049E00E /* Release */,
			);
			defaultConfigurationIsVisible = 0;
		};
/* End XCConfigurationList section */
	};
	rootObject = C50B6B4D1BB5DA590049E00E /* Project object */;
}
