// !$*UTF8*$!
{
	archiveVersion = 1;
	classes = {
	};
	objectVersion = 46;
	objects = {

/* Begin PBXBuildFile section */
		C51CAB541BC6278800B4C13E /* ActionViewController.swift in Sources */ = {isa = PBXBuildFile; fileRef = C5E0F7DE1BC4C19E00CB643C /* ActionViewController.swift */; };
		C51CAB551BC6278800B4C13E /* MainInterface.storyboard in Resources */ = {isa = PBXBuildFile; fileRef = C5E0F7F01BC4C8BF00CB643C /* MainInterface.storyboard */; };
		C51CAB561BC62A9D00B4C13E /* ActionViewController.swift in Sources */ = {isa = PBXBuildFile; fileRef = C5E0F7DE1BC4C19E00CB643C /* ActionViewController.swift */; };
		C51CAB571BC62A9D00B4C13E /* MainInterface.storyboard in Resources */ = {isa = PBXBuildFile; fileRef = C5E0F7F01BC4C8BF00CB643C /* MainInterface.storyboard */; };
		C51CAB581BC644D800B4C13E /* Assets.xcassets in Resources */ = {isa = PBXBuildFile; fileRef = C53681DA1BBCE257004973A9 /* Assets.xcassets */; };
		C51CAB591BC6450D00B4C13E /* Assets.xcassets in Resources */ = {isa = PBXBuildFile; fileRef = C53681DA1BBCE257004973A9 /* Assets.xcassets */; };
		C51CAB5A1BC6450D00B4C13E /* Assets.xcassets in Resources */ = {isa = PBXBuildFile; fileRef = C53681DA1BBCE257004973A9 /* Assets.xcassets */; };
		C53681D41BBCE257004973A9 /* AppDelegate.swift in Sources */ = {isa = PBXBuildFile; fileRef = C53681D31BBCE257004973A9 /* AppDelegate.swift */; };
		C53681D61BBCE257004973A9 /* LivePhotoGridViewController.swift in Sources */ = {isa = PBXBuildFile; fileRef = C53681D51BBCE257004973A9 /* LivePhotoGridViewController.swift */; };
		C53681D91BBCE257004973A9 /* Main.storyboard in Resources */ = {isa = PBXBuildFile; fileRef = C53681D71BBCE257004973A9 /* Main.storyboard */; };
		C53681DB1BBCE257004973A9 /* Assets.xcassets in Resources */ = {isa = PBXBuildFile; fileRef = C53681DA1BBCE257004973A9 /* Assets.xcassets */; };
		C53681DE1BBCE257004973A9 /* LaunchScreen.storyboard in Resources */ = {isa = PBXBuildFile; fileRef = C53681DC1BBCE257004973A9 /* LaunchScreen.storyboard */; };
		C53681E91BBCE257004973A9 /* Live_Photo_ShareTests.swift in Sources */ = {isa = PBXBuildFile; fileRef = C53681E81BBCE257004973A9 /* Live_Photo_ShareTests.swift */; };
		C53681F41BBCE257004973A9 /* Live_Photo_ShareUITests.swift in Sources */ = {isa = PBXBuildFile; fileRef = C53681F31BBCE257004973A9 /* Live_Photo_ShareUITests.swift */; };
		C53682031BBCE2F6004973A9 /* CoreExtensions.swift in Sources */ = {isa = PBXBuildFile; fileRef = C53682011BBCE2F6004973A9 /* CoreExtensions.swift */; };
		C53682041BBCE2F6004973A9 /* InfoViewController.swift in Sources */ = {isa = PBXBuildFile; fileRef = C53682021BBCE2F6004973A9 /* InfoViewController.swift */; };
		C53682081BBCE303004973A9 /* LivePhotoExtensions.swift in Sources */ = {isa = PBXBuildFile; fileRef = C53682051BBCE303004973A9 /* LivePhotoExtensions.swift */; };
		C53682091BBCE303004973A9 /* OverlayViewController.swift in Sources */ = {isa = PBXBuildFile; fileRef = C53682061BBCE303004973A9 /* OverlayViewController.swift */; };
		C536820A1BBCE303004973A9 /* PhotoGridCell.swift in Sources */ = {isa = PBXBuildFile; fileRef = C53682071BBCE303004973A9 /* PhotoGridCell.swift */; };
		C54E335A1BC0965D000A5817 /* Globals.swift in Sources */ = {isa = PBXBuildFile; fileRef = C54E33591BC0965D000A5817 /* Globals.swift */; };
		C56D631D1BC21D490012166D /* Live Photo Export Video.appex in Embed App Extensions */ = {isa = PBXBuildFile; fileRef = C56D63141BC21D490012166D /* Live Photo Export Video.appex */; settings = {ATTRIBUTES = (RemoveHeadersOnCopy, ); }; };
		C56D63211BC21DA90012166D /* LivePhotoExtensions.swift in Sources */ = {isa = PBXBuildFile; fileRef = C53682051BBCE303004973A9 /* LivePhotoExtensions.swift */; };
		C56D63221BC21DA90012166D /* CoreExtensions.swift in Sources */ = {isa = PBXBuildFile; fileRef = C53682011BBCE2F6004973A9 /* CoreExtensions.swift */; };
		C56D63231BC21DA90012166D /* Globals.swift in Sources */ = {isa = PBXBuildFile; fileRef = C54E33591BC0965D000A5817 /* Globals.swift */; };
		C582F1EF1BCB57850067BFEE /* LivePhotoExtensions.swift in Sources */ = {isa = PBXBuildFile; fileRef = C53682051BBCE303004973A9 /* LivePhotoExtensions.swift */; };
		C582F1F01BCB57850067BFEE /* LivePhotoExtensions.swift in Sources */ = {isa = PBXBuildFile; fileRef = C53682051BBCE303004973A9 /* LivePhotoExtensions.swift */; };
		C594F4481BDBF38300C226F2 /* MovieEditing.swift in Sources */ = {isa = PBXBuildFile; fileRef = C594F4471BDBF38300C226F2 /* MovieEditing.swift */; };
		C594F44C1BDC342D00C226F2 /* QuickTimeMov.swift in Sources */ = {isa = PBXBuildFile; fileRef = C594F44A1BDC342D00C226F2 /* QuickTimeMov.swift */; };
		C594F44F1BDC3D9100C226F2 /* REFVIDEO.MOV in Resources */ = {isa = PBXBuildFile; fileRef = C594F44E1BDC3D9100C226F2 /* REFVIDEO.MOV */; };
		C594F4511BDC468B00C226F2 /* REFIMAGE.JPG in Resources */ = {isa = PBXBuildFile; fileRef = C594F4501BDC468B00C226F2 /* REFIMAGE.JPG */; };
		C594F4531BDDB1F700C226F2 /* GifToMovie.swift in Sources */ = {isa = PBXBuildFile; fileRef = C594F4521BDDB1F700C226F2 /* GifToMovie.swift */; };
		C59617541BD46DCF001CBB38 /* VideoEditorHandles.swift in Sources */ = {isa = PBXBuildFile; fileRef = C59617531BD46DCF001CBB38 /* VideoEditorHandles.swift */; };
		C599CBA91BC36C69003E21FA /* Live Photo Mute.appex in Embed App Extensions */ = {isa = PBXBuildFile; fileRef = C599CB9F1BC36C69003E21FA /* Live Photo Mute.appex */; settings = {ATTRIBUTES = (RemoveHeadersOnCopy, ); }; };
		C599CBAF1BC36C8A003E21FA /* CoreExtensions.swift in Sources */ = {isa = PBXBuildFile; fileRef = C53682011BBCE2F6004973A9 /* CoreExtensions.swift */; };
		C599CBB01BC36C8A003E21FA /* Globals.swift in Sources */ = {isa = PBXBuildFile; fileRef = C54E33591BC0965D000A5817 /* Globals.swift */; };
		C5DE0C8B1BD88C3C00512C7C /* MainTabBarViewController.swift in Sources */ = {isa = PBXBuildFile; fileRef = C5DE0C8A1BD88C3C00512C7C /* MainTabBarViewController.swift */; };
		C5DE0C8D1BD88FCC00512C7C /* CreateViewController.swift in Sources */ = {isa = PBXBuildFile; fileRef = C5DE0C8C1BD88FCC00512C7C /* CreateViewController.swift */; };
		C5DE0C901BD89CFA00512C7C /* VideoEditorControls.swift in Sources */ = {isa = PBXBuildFile; fileRef = C5DE0C8F1BD89CFA00512C7C /* VideoEditorControls.swift */; };
		C5E0F7DF1BC4C19E00CB643C /* ActionViewController.swift in Sources */ = {isa = PBXBuildFile; fileRef = C5E0F7DE1BC4C19E00CB643C /* ActionViewController.swift */; };
		C5E0F7E61BC4C19E00CB643C /* Live Photo Export GIF.appex in Embed App Extensions */ = {isa = PBXBuildFile; fileRef = C5E0F7DC1BC4C19E00CB643C /* Live Photo Export GIF.appex */; settings = {ATTRIBUTES = (RemoveHeadersOnCopy, ); }; };
		C5E0F7EC1BC4C87200CB643C /* CoreExtensions.swift in Sources */ = {isa = PBXBuildFile; fileRef = C53682011BBCE2F6004973A9 /* CoreExtensions.swift */; };
		C5E0F7ED1BC4C87200CB643C /* Globals.swift in Sources */ = {isa = PBXBuildFile; fileRef = C54E33591BC0965D000A5817 /* Globals.swift */; };
		C5E0F7F11BC4C8BF00CB643C /* MainInterface.storyboard in Resources */ = {isa = PBXBuildFile; fileRef = C5E0F7F01BC4C8BF00CB643C /* MainInterface.storyboard */; };
/* End PBXBuildFile section */

/* Begin PBXContainerItemProxy section */
		C53681E51BBCE257004973A9 /* PBXContainerItemProxy */ = {
			isa = PBXContainerItemProxy;
			containerPortal = C53681C81BBCE257004973A9 /* Project object */;
			proxyType = 1;
			remoteGlobalIDString = C53681CF1BBCE257004973A9;
			remoteInfo = "Live Photo Share";
		};
		C53681F01BBCE257004973A9 /* PBXContainerItemProxy */ = {
			isa = PBXContainerItemProxy;
			containerPortal = C53681C81BBCE257004973A9 /* Project object */;
			proxyType = 1;
			remoteGlobalIDString = C53681CF1BBCE257004973A9;
			remoteInfo = "Live Photo Share";
		};
		C56D631B1BC21D490012166D /* PBXContainerItemProxy */ = {
			isa = PBXContainerItemProxy;
			containerPortal = C53681C81BBCE257004973A9 /* Project object */;
			proxyType = 1;
			remoteGlobalIDString = C56D63131BC21D490012166D;
			remoteInfo = "Live Photo Export Video";
		};
		C599CBA71BC36C69003E21FA /* PBXContainerItemProxy */ = {
			isa = PBXContainerItemProxy;
			containerPortal = C53681C81BBCE257004973A9 /* Project object */;
			proxyType = 1;
			remoteGlobalIDString = C599CB9E1BC36C69003E21FA;
			remoteInfo = "Live Photo Mute";
		};
		C5E0F7E41BC4C19E00CB643C /* PBXContainerItemProxy */ = {
			isa = PBXContainerItemProxy;
			containerPortal = C53681C81BBCE257004973A9 /* Project object */;
			proxyType = 1;
			remoteGlobalIDString = C5E0F7DB1BC4C19E00CB643C;
			remoteInfo = "Live Photo Export GIF";
		};
/* End PBXContainerItemProxy section */

/* Begin PBXCopyFilesBuildPhase section */
		C56D630C1BC2195E0012166D /* Embed App Extensions */ = {
			isa = PBXCopyFilesBuildPhase;
			buildActionMask = 2147483647;
			dstPath = "";
			dstSubfolderSpec = 13;
			files = (
				C599CBA91BC36C69003E21FA /* Live Photo Mute.appex in Embed App Extensions */,
				C56D631D1BC21D490012166D /* Live Photo Export Video.appex in Embed App Extensions */,
				C5E0F7E61BC4C19E00CB643C /* Live Photo Export GIF.appex in Embed App Extensions */,
			);
			name = "Embed App Extensions";
			runOnlyForDeploymentPostprocessing = 0;
		};
/* End PBXCopyFilesBuildPhase section */

/* Begin PBXFileReference section */
		C53681D01BBCE257004973A9 /* Live Share.app */ = {isa = PBXFileReference; explicitFileType = wrapper.application; includeInIndex = 0; path = "Live Share.app"; sourceTree = BUILT_PRODUCTS_DIR; };
		C53681D31BBCE257004973A9 /* AppDelegate.swift */ = {isa = PBXFileReference; lastKnownFileType = sourcecode.swift; path = AppDelegate.swift; sourceTree = "<group>"; };
		C53681D51BBCE257004973A9 /* LivePhotoGridViewController.swift */ = {isa = PBXFileReference; lastKnownFileType = sourcecode.swift; path = LivePhotoGridViewController.swift; sourceTree = "<group>"; };
		C53681D81BBCE257004973A9 /* Base */ = {isa = PBXFileReference; lastKnownFileType = file.storyboard; name = Base; path = Base.lproj/Main.storyboard; sourceTree = "<group>"; };
		C53681DA1BBCE257004973A9 /* Assets.xcassets */ = {isa = PBXFileReference; lastKnownFileType = folder.assetcatalog; name = Assets.xcassets; path = "Live Photo Share/Assets.xcassets"; sourceTree = "<group>"; };
		C53681DD1BBCE257004973A9 /* Base */ = {isa = PBXFileReference; lastKnownFileType = file.storyboard; name = Base; path = Base.lproj/LaunchScreen.storyboard; sourceTree = "<group>"; };
		C53681DF1BBCE257004973A9 /* Info.plist */ = {isa = PBXFileReference; lastKnownFileType = text.plist.xml; path = Info.plist; sourceTree = "<group>"; };
		C53681E41BBCE257004973A9 /* Live Photo ShareTests.xctest */ = {isa = PBXFileReference; explicitFileType = wrapper.cfbundle; includeInIndex = 0; path = "Live Photo ShareTests.xctest"; sourceTree = BUILT_PRODUCTS_DIR; };
		C53681E81BBCE257004973A9 /* Live_Photo_ShareTests.swift */ = {isa = PBXFileReference; lastKnownFileType = sourcecode.swift; path = Live_Photo_ShareTests.swift; sourceTree = "<group>"; };
		C53681EA1BBCE257004973A9 /* Info.plist */ = {isa = PBXFileReference; lastKnownFileType = text.plist.xml; path = Info.plist; sourceTree = "<group>"; };
		C53681EF1BBCE257004973A9 /* Live Photo ShareUITests.xctest */ = {isa = PBXFileReference; explicitFileType = wrapper.cfbundle; includeInIndex = 0; path = "Live Photo ShareUITests.xctest"; sourceTree = BUILT_PRODUCTS_DIR; };
		C53681F31BBCE257004973A9 /* Live_Photo_ShareUITests.swift */ = {isa = PBXFileReference; lastKnownFileType = sourcecode.swift; path = Live_Photo_ShareUITests.swift; sourceTree = "<group>"; };
		C53681F51BBCE257004973A9 /* Info.plist */ = {isa = PBXFileReference; lastKnownFileType = text.plist.xml; path = Info.plist; sourceTree = "<group>"; };
		C53682011BBCE2F6004973A9 /* CoreExtensions.swift */ = {isa = PBXFileReference; fileEncoding = 4; lastKnownFileType = sourcecode.swift; path = CoreExtensions.swift; sourceTree = "<group>"; };
		C53682021BBCE2F6004973A9 /* InfoViewController.swift */ = {isa = PBXFileReference; fileEncoding = 4; lastKnownFileType = sourcecode.swift; path = InfoViewController.swift; sourceTree = "<group>"; };
		C53682051BBCE303004973A9 /* LivePhotoExtensions.swift */ = {isa = PBXFileReference; fileEncoding = 4; lastKnownFileType = sourcecode.swift; path = LivePhotoExtensions.swift; sourceTree = "<group>"; };
		C53682061BBCE303004973A9 /* OverlayViewController.swift */ = {isa = PBXFileReference; fileEncoding = 4; lastKnownFileType = sourcecode.swift; path = OverlayViewController.swift; sourceTree = "<group>"; };
		C53682071BBCE303004973A9 /* PhotoGridCell.swift */ = {isa = PBXFileReference; fileEncoding = 4; lastKnownFileType = sourcecode.swift; path = PhotoGridCell.swift; sourceTree = "<group>"; };
		C54E33591BC0965D000A5817 /* Globals.swift */ = {isa = PBXFileReference; fileEncoding = 4; lastKnownFileType = sourcecode.swift; name = Globals.swift; path = "Live Photo Share/Globals.swift"; sourceTree = "<group>"; };
		C56D63141BC21D490012166D /* Live Photo Export Video.appex */ = {isa = PBXFileReference; explicitFileType = "wrapper.app-extension"; includeInIndex = 0; path = "Live Photo Export Video.appex"; sourceTree = BUILT_PRODUCTS_DIR; };
		C56D631A1BC21D490012166D /* Info.plist */ = {isa = PBXFileReference; lastKnownFileType = text.plist.xml; path = Info.plist; sourceTree = "<group>"; };
		C56D63241BC21DDA0012166D /* LivePhotoActionExtension.swift */ = {isa = PBXFileReference; fileEncoding = 4; lastKnownFileType = sourcecode.swift; path = LivePhotoActionExtension.swift; sourceTree = "<group>"; };
		C594F4471BDBF38300C226F2 /* MovieEditing.swift */ = {isa = PBXFileReference; fileEncoding = 4; lastKnownFileType = sourcecode.swift; path = MovieEditing.swift; sourceTree = "<group>"; };
		C594F4491BDC342D00C226F2 /* JPEG.swift */ = {isa = PBXFileReference; fileEncoding = 4; lastKnownFileType = sourcecode.swift; path = JPEG.swift; sourceTree = "<group>"; };
		C594F44A1BDC342D00C226F2 /* QuickTimeMov.swift */ = {isa = PBXFileReference; fileEncoding = 4; lastKnownFileType = sourcecode.swift; path = QuickTimeMov.swift; sourceTree = "<group>"; };
		C594F44E1BDC3D9100C226F2 /* REFVIDEO.MOV */ = {isa = PBXFileReference; lastKnownFileType = video.quicktime; path = REFVIDEO.MOV; sourceTree = "<group>"; };
		C594F4501BDC468B00C226F2 /* REFIMAGE.JPG */ = {isa = PBXFileReference; lastKnownFileType = image.jpeg; path = REFIMAGE.JPG; sourceTree = "<group>"; };
		C594F4521BDDB1F700C226F2 /* GifToMovie.swift */ = {isa = PBXFileReference; fileEncoding = 4; lastKnownFileType = sourcecode.swift; path = GifToMovie.swift; sourceTree = "<group>"; };
		C59617531BD46DCF001CBB38 /* VideoEditorHandles.swift */ = {isa = PBXFileReference; fileEncoding = 4; lastKnownFileType = sourcecode.swift; path = VideoEditorHandles.swift; sourceTree = "<group>"; };
		C599CB9F1BC36C69003E21FA /* Live Photo Mute.appex */ = {isa = PBXFileReference; explicitFileType = "wrapper.app-extension"; includeInIndex = 0; path = "Live Photo Mute.appex"; sourceTree = BUILT_PRODUCTS_DIR; };
		C599CBA61BC36C69003E21FA /* Info.plist */ = {isa = PBXFileReference; lastKnownFileType = text.plist.xml; path = Info.plist; sourceTree = "<group>"; };
		C5C491FA1BC372AE009C38A4 /* ExampleCode.swift */ = {isa = PBXFileReference; fileEncoding = 4; lastKnownFileType = sourcecode.swift; path = ExampleCode.swift; sourceTree = "<group>"; };
		C5DE0C8A1BD88C3C00512C7C /* MainTabBarViewController.swift */ = {isa = PBXFileReference; fileEncoding = 4; lastKnownFileType = sourcecode.swift; path = MainTabBarViewController.swift; sourceTree = "<group>"; };
		C5DE0C8C1BD88FCC00512C7C /* CreateViewController.swift */ = {isa = PBXFileReference; fileEncoding = 4; lastKnownFileType = sourcecode.swift; path = CreateViewController.swift; sourceTree = "<group>"; };
		C5DE0C8F1BD89CFA00512C7C /* VideoEditorControls.swift */ = {isa = PBXFileReference; fileEncoding = 4; lastKnownFileType = sourcecode.swift; path = VideoEditorControls.swift; sourceTree = "<group>"; };
		C5E0F7DC1BC4C19E00CB643C /* Live Photo Export GIF.appex */ = {isa = PBXFileReference; explicitFileType = "wrapper.app-extension"; includeInIndex = 0; path = "Live Photo Export GIF.appex"; sourceTree = BUILT_PRODUCTS_DIR; };
		C5E0F7DE1BC4C19E00CB643C /* ActionViewController.swift */ = {isa = PBXFileReference; lastKnownFileType = sourcecode.swift; name = ActionViewController.swift; path = "Live Photo Export GIF/ActionViewController.swift"; sourceTree = "<group>"; };
		C5E0F7E31BC4C19E00CB643C /* Info.plist */ = {isa = PBXFileReference; lastKnownFileType = text.plist.xml; path = Info.plist; sourceTree = "<group>"; };
		C5E0F7F01BC4C8BF00CB643C /* MainInterface.storyboard */ = {isa = PBXFileReference; fileEncoding = 4; lastKnownFileType = file.storyboard; name = MainInterface.storyboard; path = "Live Photo Export GIF/MainInterface.storyboard"; sourceTree = "<group>"; };
/* End PBXFileReference section */

/* Begin PBXFrameworksBuildPhase section */
		C53681CD1BBCE257004973A9 /* Frameworks */ = {
			isa = PBXFrameworksBuildPhase;
			buildActionMask = 2147483647;
			files = (
			);
			runOnlyForDeploymentPostprocessing = 0;
		};
		C53681E11BBCE257004973A9 /* Frameworks */ = {
			isa = PBXFrameworksBuildPhase;
			buildActionMask = 2147483647;
			files = (
			);
			runOnlyForDeploymentPostprocessing = 0;
		};
		C53681EC1BBCE257004973A9 /* Frameworks */ = {
			isa = PBXFrameworksBuildPhase;
			buildActionMask = 2147483647;
			files = (
			);
			runOnlyForDeploymentPostprocessing = 0;
		};
		C56D63111BC21D490012166D /* Frameworks */ = {
			isa = PBXFrameworksBuildPhase;
			buildActionMask = 2147483647;
			files = (
			);
			runOnlyForDeploymentPostprocessing = 0;
		};
		C599CB9C1BC36C69003E21FA /* Frameworks */ = {
			isa = PBXFrameworksBuildPhase;
			buildActionMask = 2147483647;
			files = (
			);
			runOnlyForDeploymentPostprocessing = 0;
		};
		C5E0F7D91BC4C19E00CB643C /* Frameworks */ = {
			isa = PBXFrameworksBuildPhase;
			buildActionMask = 2147483647;
			files = (
			);
			runOnlyForDeploymentPostprocessing = 0;
		};
/* End PBXFrameworksBuildPhase section */

/* Begin PBXGroup section */
		C51CAB531BC6275000B4C13E /* Live Photo Extensions */ = {
			isa = PBXGroup;
			children = (
				C5E0F7DE1BC4C19E00CB643C /* ActionViewController.swift */,
				C5E0F7F01BC4C8BF00CB643C /* MainInterface.storyboard */,
				C56D63151BC21D490012166D /* Live Photo Export Video */,
				C599CBA01BC36C69003E21FA /* Live Photo Mute */,
				C5E0F7DD1BC4C19E00CB643C /* Live Photo Export GIF */,
			);
			name = "Live Photo Extensions";
			sourceTree = "<group>";
		};
		C53681C71BBCE257004973A9 = {
			isa = PBXGroup;
			children = (
				C56D63241BC21DDA0012166D /* LivePhotoActionExtension.swift */,
				C5C491FA1BC372AE009C38A4 /* ExampleCode.swift */,
				C53681DA1BBCE257004973A9 /* Assets.xcassets */,
				C594F44E1BDC3D9100C226F2 /* REFVIDEO.MOV */,
				C594F4501BDC468B00C226F2 /* REFIMAGE.JPG */,
				C54E33591BC0965D000A5817 /* Globals.swift */,
				C53681D21BBCE257004973A9 /* Live Photo Share */,
				C53681E71BBCE257004973A9 /* Live Photo ShareTests */,
				C53681F21BBCE257004973A9 /* Live Photo ShareUITests */,
				C51CAB531BC6275000B4C13E /* Live Photo Extensions */,
				C53681D11BBCE257004973A9 /* Products */,
			);
			sourceTree = "<group>";
		};
		C53681D11BBCE257004973A9 /* Products */ = {
			isa = PBXGroup;
			children = (
				C53681D01BBCE257004973A9 /* Live Share.app */,
				C53681E41BBCE257004973A9 /* Live Photo ShareTests.xctest */,
				C53681EF1BBCE257004973A9 /* Live Photo ShareUITests.xctest */,
				C56D63141BC21D490012166D /* Live Photo Export Video.appex */,
				C599CB9F1BC36C69003E21FA /* Live Photo Mute.appex */,
				C5E0F7DC1BC4C19E00CB643C /* Live Photo Export GIF.appex */,
			);
			name = Products;
			sourceTree = "<group>";
		};
		C53681D21BBCE257004973A9 /* Live Photo Share */ = {
			isa = PBXGroup;
			children = (
				C53681D31BBCE257004973A9 /* AppDelegate.swift */,
				C53682051BBCE303004973A9 /* LivePhotoExtensions.swift */,
				C594F4471BDBF38300C226F2 /* MovieEditing.swift */,
				C594F4521BDDB1F700C226F2 /* GifToMovie.swift */,
				C53682011BBCE2F6004973A9 /* CoreExtensions.swift */,
				C594F44D1BDC343100C226F2 /* LoveLiver */,
				C5DE0C8E1BD88FDE00512C7C /* UI */,
				C53681DF1BBCE257004973A9 /* Info.plist */,
			);
			path = "Live Photo Share";
			sourceTree = "<group>";
		};
		C53681E71BBCE257004973A9 /* Live Photo ShareTests */ = {
			isa = PBXGroup;
			children = (
				C53681E81BBCE257004973A9 /* Live_Photo_ShareTests.swift */,
				C53681EA1BBCE257004973A9 /* Info.plist */,
			);
			path = "Live Photo ShareTests";
			sourceTree = "<group>";
		};
		C53681F21BBCE257004973A9 /* Live Photo ShareUITests */ = {
			isa = PBXGroup;
			children = (
				C53681F31BBCE257004973A9 /* Live_Photo_ShareUITests.swift */,
				C53681F51BBCE257004973A9 /* Info.plist */,
			);
			path = "Live Photo ShareUITests";
			sourceTree = "<group>";
		};
		C56D63151BC21D490012166D /* Live Photo Export Video */ = {
			isa = PBXGroup;
			children = (
				C56D631A1BC21D490012166D /* Info.plist */,
			);
			path = "Live Photo Export Video";
			sourceTree = "<group>";
		};
		C594F44D1BDC343100C226F2 /* LoveLiver */ = {
			isa = PBXGroup;
			children = (
				C594F4491BDC342D00C226F2 /* JPEG.swift */,
				C594F44A1BDC342D00C226F2 /* QuickTimeMov.swift */,
			);
			name = LoveLiver;
			sourceTree = "<group>";
		};
		C59617521BD46DB8001CBB38 /* VideoEditor */ = {
			isa = PBXGroup;
			children = (
				C59617531BD46DCF001CBB38 /* VideoEditorHandles.swift */,
				C5DE0C8F1BD89CFA00512C7C /* VideoEditorControls.swift */,
			);
			name = VideoEditor;
			sourceTree = "<group>";
		};
		C599CBA01BC36C69003E21FA /* Live Photo Mute */ = {
			isa = PBXGroup;
			children = (
				C599CBA61BC36C69003E21FA /* Info.plist */,
			);
			path = "Live Photo Mute";
			sourceTree = "<group>";
		};
		C5DE0C8E1BD88FDE00512C7C /* UI */ = {
			isa = PBXGroup;
			children = (
				C53682071BBCE303004973A9 /* PhotoGridCell.swift */,
				C53682021BBCE2F6004973A9 /* InfoViewController.swift */,
				C53682061BBCE303004973A9 /* OverlayViewController.swift */,
				C53681D51BBCE257004973A9 /* LivePhotoGridViewController.swift */,
				C5DE0C8C1BD88FCC00512C7C /* CreateViewController.swift */,
				C5DE0C8A1BD88C3C00512C7C /* MainTabBarViewController.swift */,
				C59617521BD46DB8001CBB38 /* VideoEditor */,
				C53681D71BBCE257004973A9 /* Main.storyboard */,
				C53681DC1BBCE257004973A9 /* LaunchScreen.storyboard */,
			);
			name = UI;
			sourceTree = "<group>";
		};
		C5E0F7DD1BC4C19E00CB643C /* Live Photo Export GIF */ = {
			isa = PBXGroup;
			children = (
				C5E0F7E31BC4C19E00CB643C /* Info.plist */,
			);
			path = "Live Photo Export GIF";
			sourceTree = "<group>";
		};
/* End PBXGroup section */

/* Begin PBXNativeTarget section */
		C53681CF1BBCE257004973A9 /* Live Share */ = {
			isa = PBXNativeTarget;
			buildConfigurationList = C53681F81BBCE257004973A9 /* Build configuration list for PBXNativeTarget "Live Share" */;
			buildPhases = (
				C53681CC1BBCE257004973A9 /* Sources */,
				C53681CD1BBCE257004973A9 /* Frameworks */,
				C53681CE1BBCE257004973A9 /* Resources */,
				C56D630C1BC2195E0012166D /* Embed App Extensions */,
			);
			buildRules = (
			);
			dependencies = (
				C56D631C1BC21D490012166D /* PBXTargetDependency */,
				C599CBA81BC36C69003E21FA /* PBXTargetDependency */,
				C5E0F7E51BC4C19E00CB643C /* PBXTargetDependency */,
			);
			name = "Live Share";
			productName = "Live Photo Share";
			productReference = C53681D01BBCE257004973A9 /* Live Share.app */;
			productType = "com.apple.product-type.application";
		};
		C53681E31BBCE257004973A9 /* Live Photo ShareTests */ = {
			isa = PBXNativeTarget;
			buildConfigurationList = C53681FB1BBCE257004973A9 /* Build configuration list for PBXNativeTarget "Live Photo ShareTests" */;
			buildPhases = (
				C53681E01BBCE257004973A9 /* Sources */,
				C53681E11BBCE257004973A9 /* Frameworks */,
				C53681E21BBCE257004973A9 /* Resources */,
			);
			buildRules = (
			);
			dependencies = (
				C53681E61BBCE257004973A9 /* PBXTargetDependency */,
			);
			name = "Live Photo ShareTests";
			productName = "Live Photo ShareTests";
			productReference = C53681E41BBCE257004973A9 /* Live Photo ShareTests.xctest */;
			productType = "com.apple.product-type.bundle.unit-test";
		};
		C53681EE1BBCE257004973A9 /* Live Photo ShareUITests */ = {
			isa = PBXNativeTarget;
			buildConfigurationList = C53681FE1BBCE257004973A9 /* Build configuration list for PBXNativeTarget "Live Photo ShareUITests" */;
			buildPhases = (
				C53681EB1BBCE257004973A9 /* Sources */,
				C53681EC1BBCE257004973A9 /* Frameworks */,
				C53681ED1BBCE257004973A9 /* Resources */,
			);
			buildRules = (
			);
			dependencies = (
				C53681F11BBCE257004973A9 /* PBXTargetDependency */,
			);
			name = "Live Photo ShareUITests";
			productName = "Live Photo ShareUITests";
			productReference = C53681EF1BBCE257004973A9 /* Live Photo ShareUITests.xctest */;
			productType = "com.apple.product-type.bundle.ui-testing";
		};
		C56D63131BC21D490012166D /* Live Photo Export Video */ = {
			isa = PBXNativeTarget;
			buildConfigurationList = C56D631E1BC21D490012166D /* Build configuration list for PBXNativeTarget "Live Photo Export Video" */;
			buildPhases = (
				C56D63101BC21D490012166D /* Sources */,
				C56D63111BC21D490012166D /* Frameworks */,
				C56D63121BC21D490012166D /* Resources */,
			);
			buildRules = (
			);
			dependencies = (
			);
			name = "Live Photo Export Video";
			productName = "Live Photo Export Video";
			productReference = C56D63141BC21D490012166D /* Live Photo Export Video.appex */;
			productType = "com.apple.product-type.app-extension";
		};
		C599CB9E1BC36C69003E21FA /* Live Photo Mute */ = {
			isa = PBXNativeTarget;
			buildConfigurationList = C599CBAC1BC36C69003E21FA /* Build configuration list for PBXNativeTarget "Live Photo Mute" */;
			buildPhases = (
				C599CB9B1BC36C69003E21FA /* Sources */,
				C599CB9C1BC36C69003E21FA /* Frameworks */,
				C599CB9D1BC36C69003E21FA /* Resources */,
			);
			buildRules = (
			);
			dependencies = (
			);
			name = "Live Photo Mute";
			productName = "Live Photo Mute";
			productReference = C599CB9F1BC36C69003E21FA /* Live Photo Mute.appex */;
			productType = "com.apple.product-type.app-extension";
		};
		C5E0F7DB1BC4C19E00CB643C /* Live Photo Export GIF */ = {
			isa = PBXNativeTarget;
			buildConfigurationList = C5E0F7E71BC4C19E00CB643C /* Build configuration list for PBXNativeTarget "Live Photo Export GIF" */;
			buildPhases = (
				C5E0F7D81BC4C19E00CB643C /* Sources */,
				C5E0F7D91BC4C19E00CB643C /* Frameworks */,
				C5E0F7DA1BC4C19E00CB643C /* Resources */,
			);
			buildRules = (
			);
			dependencies = (
			);
			name = "Live Photo Export GIF";
			productName = "Live Photo Export GIF";
			productReference = C5E0F7DC1BC4C19E00CB643C /* Live Photo Export GIF.appex */;
			productType = "com.apple.product-type.app-extension";
		};
/* End PBXNativeTarget section */

/* Begin PBXProject section */
		C53681C81BBCE257004973A9 /* Project object */ = {
			isa = PBXProject;
			attributes = {
				LastSwiftUpdateCheck = 0710;
				LastUpgradeCheck = 0710;
				ORGANIZATIONNAME = "Cameron Little";
				TargetAttributes = {
					C53681CF1BBCE257004973A9 = {
						CreatedOnToolsVersion = 7.1;
						DevelopmentTeam = 6D9DLTQJSN;
					};
					C53681E31BBCE257004973A9 = {
						CreatedOnToolsVersion = 7.1;
						TestTargetID = C53681CF1BBCE257004973A9;
					};
					C53681EE1BBCE257004973A9 = {
						CreatedOnToolsVersion = 7.1;
						TestTargetID = C53681CF1BBCE257004973A9;
					};
					C56D63131BC21D490012166D = {
						CreatedOnToolsVersion = 7.1;
						DevelopmentTeam = 6D9DLTQJSN;
					};
					C599CB9E1BC36C69003E21FA = {
						CreatedOnToolsVersion = 7.1;
						DevelopmentTeam = 6D9DLTQJSN;
					};
					C5E0F7DB1BC4C19E00CB643C = {
						CreatedOnToolsVersion = 7.1;
						DevelopmentTeam = 6D9DLTQJSN;
					};
				};
			};
			buildConfigurationList = C53681CB1BBCE257004973A9 /* Build configuration list for PBXProject "Live Photo Share" */;
			compatibilityVersion = "Xcode 3.2";
			developmentRegion = English;
			hasScannedForEncodings = 0;
			knownRegions = (
				en,
				Base,
			);
			mainGroup = C53681C71BBCE257004973A9;
			productRefGroup = C53681D11BBCE257004973A9 /* Products */;
			projectDirPath = "";
			projectRoot = "";
			targets = (
				C53681CF1BBCE257004973A9 /* Live Share */,
				C53681E31BBCE257004973A9 /* Live Photo ShareTests */,
				C53681EE1BBCE257004973A9 /* Live Photo ShareUITests */,
				C56D63131BC21D490012166D /* Live Photo Export Video */,
				C599CB9E1BC36C69003E21FA /* Live Photo Mute */,
				C5E0F7DB1BC4C19E00CB643C /* Live Photo Export GIF */,
			);
		};
/* End PBXProject section */

/* Begin PBXResourcesBuildPhase section */
		C53681CE1BBCE257004973A9 /* Resources */ = {
			isa = PBXResourcesBuildPhase;
			buildActionMask = 2147483647;
			files = (
				C594F44F1BDC3D9100C226F2 /* REFVIDEO.MOV in Resources */,
				C53681DE1BBCE257004973A9 /* LaunchScreen.storyboard in Resources */,
				C594F4511BDC468B00C226F2 /* REFIMAGE.JPG in Resources */,
				C53681DB1BBCE257004973A9 /* Assets.xcassets in Resources */,
				C53681D91BBCE257004973A9 /* Main.storyboard in Resources */,
			);
			runOnlyForDeploymentPostprocessing = 0;
		};
		C53681E21BBCE257004973A9 /* Resources */ = {
			isa = PBXResourcesBuildPhase;
			buildActionMask = 2147483647;
			files = (
			);
			runOnlyForDeploymentPostprocessing = 0;
		};
		C53681ED1BBCE257004973A9 /* Resources */ = {
			isa = PBXResourcesBuildPhase;
			buildActionMask = 2147483647;
			files = (
			);
			runOnlyForDeploymentPostprocessing = 0;
		};
		C56D63121BC21D490012166D /* Resources */ = {
			isa = PBXResourcesBuildPhase;
			buildActionMask = 2147483647;
			files = (
				C51CAB5A1BC6450D00B4C13E /* Assets.xcassets in Resources */,
				C51CAB551BC6278800B4C13E /* MainInterface.storyboard in Resources */,
			);
			runOnlyForDeploymentPostprocessing = 0;
		};
		C599CB9D1BC36C69003E21FA /* Resources */ = {
			isa = PBXResourcesBuildPhase;
			buildActionMask = 2147483647;
			files = (
				C51CAB591BC6450D00B4C13E /* Assets.xcassets in Resources */,
				C51CAB571BC62A9D00B4C13E /* MainInterface.storyboard in Resources */,
			);
			runOnlyForDeploymentPostprocessing = 0;
		};
		C5E0F7DA1BC4C19E00CB643C /* Resources */ = {
			isa = PBXResourcesBuildPhase;
			buildActionMask = 2147483647;
			files = (
				C51CAB581BC644D800B4C13E /* Assets.xcassets in Resources */,
				C5E0F7F11BC4C8BF00CB643C /* MainInterface.storyboard in Resources */,
			);
			runOnlyForDeploymentPostprocessing = 0;
		};
/* End PBXResourcesBuildPhase section */

/* Begin PBXSourcesBuildPhase section */
		C53681CC1BBCE257004973A9 /* Sources */ = {
			isa = PBXSourcesBuildPhase;
			buildActionMask = 2147483647;
			files = (
				C5DE0C8D1BD88FCC00512C7C /* CreateViewController.swift in Sources */,
				C53681D61BBCE257004973A9 /* LivePhotoGridViewController.swift in Sources */,
				C536820A1BBCE303004973A9 /* PhotoGridCell.swift in Sources */,
				C53682031BBCE2F6004973A9 /* CoreExtensions.swift in Sources */,
				C59617541BD46DCF001CBB38 /* VideoEditorHandles.swift in Sources */,
				C594F4531BDDB1F700C226F2 /* GifToMovie.swift in Sources */,
				C53682081BBCE303004973A9 /* LivePhotoExtensions.swift in Sources */,
				C5DE0C901BD89CFA00512C7C /* VideoEditorControls.swift in Sources */,
				C5DE0C8B1BD88C3C00512C7C /* MainTabBarViewController.swift in Sources */,
				C54E335A1BC0965D000A5817 /* Globals.swift in Sources */,
				C53682091BBCE303004973A9 /* OverlayViewController.swift in Sources */,
				C594F44C1BDC342D00C226F2 /* QuickTimeMov.swift in Sources */,
				C594F4481BDBF38300C226F2 /* MovieEditing.swift in Sources */,
				C53682041BBCE2F6004973A9 /* InfoViewController.swift in Sources */,
				C53681D41BBCE257004973A9 /* AppDelegate.swift in Sources */,
			);
			runOnlyForDeploymentPostprocessing = 0;
		};
		C53681E01BBCE257004973A9 /* Sources */ = {
			isa = PBXSourcesBuildPhase;
			buildActionMask = 2147483647;
			files = (
				C53681E91BBCE257004973A9 /* Live_Photo_ShareTests.swift in Sources */,
			);
			runOnlyForDeploymentPostprocessing = 0;
		};
		C53681EB1BBCE257004973A9 /* Sources */ = {
			isa = PBXSourcesBuildPhase;
			buildActionMask = 2147483647;
			files = (
				C53681F41BBCE257004973A9 /* Live_Photo_ShareUITests.swift in Sources */,
			);
			runOnlyForDeploymentPostprocessing = 0;
		};
		C56D63101BC21D490012166D /* Sources */ = {
			isa = PBXSourcesBuildPhase;
			buildActionMask = 2147483647;
			files = (
				C56D63231BC21DA90012166D /* Globals.swift in Sources */,
				C51CAB541BC6278800B4C13E /* ActionViewController.swift in Sources */,
				C56D63211BC21DA90012166D /* LivePhotoExtensions.swift in Sources */,
				C56D63221BC21DA90012166D /* CoreExtensions.swift in Sources */,
			);
			runOnlyForDeploymentPostprocessing = 0;
		};
		C599CB9B1BC36C69003E21FA /* Sources */ = {
			isa = PBXSourcesBuildPhase;
			buildActionMask = 2147483647;
			files = (
				C599CBAF1BC36C8A003E21FA /* CoreExtensions.swift in Sources */,
				C51CAB561BC62A9D00B4C13E /* ActionViewController.swift in Sources */,
				C582F1F01BCB57850067BFEE /* LivePhotoExtensions.swift in Sources */,
				C599CBB01BC36C8A003E21FA /* Globals.swift in Sources */,
			);
			runOnlyForDeploymentPostprocessing = 0;
		};
		C5E0F7D81BC4C19E00CB643C /* Sources */ = {
			isa = PBXSourcesBuildPhase;
			buildActionMask = 2147483647;
			files = (
				C5E0F7ED1BC4C87200CB643C /* Globals.swift in Sources */,
				C5E0F7EC1BC4C87200CB643C /* CoreExtensions.swift in Sources */,
				C582F1EF1BCB57850067BFEE /* LivePhotoExtensions.swift in Sources */,
				C5E0F7DF1BC4C19E00CB643C /* ActionViewController.swift in Sources */,
			);
			runOnlyForDeploymentPostprocessing = 0;
		};
/* End PBXSourcesBuildPhase section */

/* Begin PBXTargetDependency section */
		C53681E61BBCE257004973A9 /* PBXTargetDependency */ = {
			isa = PBXTargetDependency;
			target = C53681CF1BBCE257004973A9 /* Live Share */;
			targetProxy = C53681E51BBCE257004973A9 /* PBXContainerItemProxy */;
		};
		C53681F11BBCE257004973A9 /* PBXTargetDependency */ = {
			isa = PBXTargetDependency;
			target = C53681CF1BBCE257004973A9 /* Live Share */;
			targetProxy = C53681F01BBCE257004973A9 /* PBXContainerItemProxy */;
		};
		C56D631C1BC21D490012166D /* PBXTargetDependency */ = {
			isa = PBXTargetDependency;
			target = C56D63131BC21D490012166D /* Live Photo Export Video */;
			targetProxy = C56D631B1BC21D490012166D /* PBXContainerItemProxy */;
		};
		C599CBA81BC36C69003E21FA /* PBXTargetDependency */ = {
			isa = PBXTargetDependency;
			target = C599CB9E1BC36C69003E21FA /* Live Photo Mute */;
			targetProxy = C599CBA71BC36C69003E21FA /* PBXContainerItemProxy */;
		};
		C5E0F7E51BC4C19E00CB643C /* PBXTargetDependency */ = {
			isa = PBXTargetDependency;
			target = C5E0F7DB1BC4C19E00CB643C /* Live Photo Export GIF */;
			targetProxy = C5E0F7E41BC4C19E00CB643C /* PBXContainerItemProxy */;
		};
/* End PBXTargetDependency section */

/* Begin PBXVariantGroup section */
		C53681D71BBCE257004973A9 /* Main.storyboard */ = {
			isa = PBXVariantGroup;
			children = (
				C53681D81BBCE257004973A9 /* Base */,
			);
			name = Main.storyboard;
			sourceTree = "<group>";
		};
		C53681DC1BBCE257004973A9 /* LaunchScreen.storyboard */ = {
			isa = PBXVariantGroup;
			children = (
				C53681DD1BBCE257004973A9 /* Base */,
			);
			name = LaunchScreen.storyboard;
			sourceTree = "<group>";
		};
/* End PBXVariantGroup section */

/* Begin XCBuildConfiguration section */
		C53681F61BBCE257004973A9 /* Debug */ = {
			isa = XCBuildConfiguration;
			buildSettings = {
				ALWAYS_SEARCH_USER_PATHS = NO;
				CLANG_CXX_LANGUAGE_STANDARD = "gnu++0x";
				CLANG_CXX_LIBRARY = "libc++";
				CLANG_ENABLE_MODULES = YES;
				CLANG_ENABLE_OBJC_ARC = YES;
				CLANG_WARN_BOOL_CONVERSION = YES;
				CLANG_WARN_CONSTANT_CONVERSION = YES;
				CLANG_WARN_DIRECT_OBJC_ISA_USAGE = YES_ERROR;
				CLANG_WARN_EMPTY_BODY = YES;
				CLANG_WARN_ENUM_CONVERSION = YES;
				CLANG_WARN_INT_CONVERSION = YES;
				CLANG_WARN_OBJC_ROOT_CLASS = YES_ERROR;
				CLANG_WARN_UNREACHABLE_CODE = YES;
				CLANG_WARN__DUPLICATE_METHOD_MATCH = YES;
				"CODE_SIGN_IDENTITY[sdk=iphoneos*]" = "iPhone Developer";
				COPY_PHASE_STRIP = NO;
				DEBUG_INFORMATION_FORMAT = dwarf;
				ENABLE_STRICT_OBJC_MSGSEND = YES;
				ENABLE_TESTABILITY = YES;
				GCC_C_LANGUAGE_STANDARD = gnu99;
				GCC_DYNAMIC_NO_PIC = NO;
				GCC_NO_COMMON_BLOCKS = YES;
				GCC_OPTIMIZATION_LEVEL = 0;
				GCC_PREPROCESSOR_DEFINITIONS = (
					"DEBUG=1",
					"$(inherited)",
				);
				GCC_WARN_64_TO_32_BIT_CONVERSION = YES;
				GCC_WARN_ABOUT_RETURN_TYPE = YES_ERROR;
				GCC_WARN_UNDECLARED_SELECTOR = YES;
				GCC_WARN_UNINITIALIZED_AUTOS = YES_AGGRESSIVE;
				GCC_WARN_UNUSED_FUNCTION = YES;
				GCC_WARN_UNUSED_VARIABLE = YES;
				IPHONEOS_DEPLOYMENT_TARGET = 9.0;
				MTL_ENABLE_DEBUG_INFO = YES;
				ONLY_ACTIVE_ARCH = YES;
				SDKROOT = iphoneos;
				SWIFT_OPTIMIZATION_LEVEL = "-Onone";
				TARGETED_DEVICE_FAMILY = "1,2";
			};
			name = Debug;
		};
		C53681F71BBCE257004973A9 /* Release */ = {
			isa = XCBuildConfiguration;
			buildSettings = {
				ALWAYS_SEARCH_USER_PATHS = NO;
				CLANG_CXX_LANGUAGE_STANDARD = "gnu++0x";
				CLANG_CXX_LIBRARY = "libc++";
				CLANG_ENABLE_MODULES = YES;
				CLANG_ENABLE_OBJC_ARC = YES;
				CLANG_WARN_BOOL_CONVERSION = YES;
				CLANG_WARN_CONSTANT_CONVERSION = YES;
				CLANG_WARN_DIRECT_OBJC_ISA_USAGE = YES_ERROR;
				CLANG_WARN_EMPTY_BODY = YES;
				CLANG_WARN_ENUM_CONVERSION = YES;
				CLANG_WARN_INT_CONVERSION = YES;
				CLANG_WARN_OBJC_ROOT_CLASS = YES_ERROR;
				CLANG_WARN_UNREACHABLE_CODE = YES;
				CLANG_WARN__DUPLICATE_METHOD_MATCH = YES;
				"CODE_SIGN_IDENTITY[sdk=iphoneos*]" = "iPhone Developer";
				COPY_PHASE_STRIP = NO;
				DEBUG_INFORMATION_FORMAT = "dwarf-with-dsym";
				ENABLE_NS_ASSERTIONS = NO;
				ENABLE_STRICT_OBJC_MSGSEND = YES;
				GCC_C_LANGUAGE_STANDARD = gnu99;
				GCC_NO_COMMON_BLOCKS = YES;
				GCC_WARN_64_TO_32_BIT_CONVERSION = YES;
				GCC_WARN_ABOUT_RETURN_TYPE = YES_ERROR;
				GCC_WARN_UNDECLARED_SELECTOR = YES;
				GCC_WARN_UNINITIALIZED_AUTOS = YES_AGGRESSIVE;
				GCC_WARN_UNUSED_FUNCTION = YES;
				GCC_WARN_UNUSED_VARIABLE = YES;
				IPHONEOS_DEPLOYMENT_TARGET = 9.0;
				MTL_ENABLE_DEBUG_INFO = NO;
				SDKROOT = iphoneos;
				TARGETED_DEVICE_FAMILY = "1,2";
				VALIDATE_PRODUCT = YES;
			};
			name = Release;
		};
		C53681F91BBCE257004973A9 /* Debug */ = {
			isa = XCBuildConfiguration;
			buildSettings = {
				ASSETCATALOG_COMPILER_APPICON_NAME = AppIcon;
				CODE_SIGN_IDENTITY = "iPhone Developer";
				"CODE_SIGN_IDENTITY[sdk=iphoneos*]" = "iPhone Developer";
				EMBEDDED_CONTENT_CONTAINS_SWIFT = YES;
				INFOPLIST_FILE = "Live Photo Share/Info.plist";
				IPHONEOS_DEPLOYMENT_TARGET = 9.1;
				LD_RUNPATH_SEARCH_PATHS = "$(inherited) @executable_path/Frameworks";
				PRODUCT_BUNDLE_IDENTIFIER = "com.camlittle.Live-Photo-Share";
				PRODUCT_NAME = "$(TARGET_NAME)";
				PROVISIONING_PROFILE = "";
				TARGETED_DEVICE_FAMILY = 1;
			};
			name = Debug;
		};
		C53681FA1BBCE257004973A9 /* Release */ = {
			isa = XCBuildConfiguration;
			buildSettings = {
				ASSETCATALOG_COMPILER_APPICON_NAME = AppIcon;
				CODE_SIGN_IDENTITY = "iPhone Developer";
				"CODE_SIGN_IDENTITY[sdk=iphoneos*]" = "iPhone Developer";
				EMBEDDED_CONTENT_CONTAINS_SWIFT = YES;
				INFOPLIST_FILE = "Live Photo Share/Info.plist";
				IPHONEOS_DEPLOYMENT_TARGET = 9.1;
				LD_RUNPATH_SEARCH_PATHS = "$(inherited) @executable_path/Frameworks";
				PRODUCT_BUNDLE_IDENTIFIER = "com.camlittle.Live-Photo-Share";
				PRODUCT_NAME = "$(TARGET_NAME)";
				PROVISIONING_PROFILE = "";
				TARGETED_DEVICE_FAMILY = 1;
			};
			name = Release;
		};
		C53681FC1BBCE257004973A9 /* Debug */ = {
			isa = XCBuildConfiguration;
			buildSettings = {
				BUNDLE_LOADER = "$(TEST_HOST)";
				INFOPLIST_FILE = "Live Photo ShareTests/Info.plist";
				LD_RUNPATH_SEARCH_PATHS = "$(inherited) @executable_path/Frameworks @loader_path/Frameworks";
				PRODUCT_BUNDLE_IDENTIFIER = "com.camlittle.Live-Photo-ShareTests";
				PRODUCT_NAME = "$(TARGET_NAME)";
				TEST_HOST = "$(BUILT_PRODUCTS_DIR)/Live Photo Share.app/Live Photo Share";
			};
			name = Debug;
		};
		C53681FD1BBCE257004973A9 /* Release */ = {
			isa = XCBuildConfiguration;
			buildSettings = {
				BUNDLE_LOADER = "$(TEST_HOST)";
				INFOPLIST_FILE = "Live Photo ShareTests/Info.plist";
				LD_RUNPATH_SEARCH_PATHS = "$(inherited) @executable_path/Frameworks @loader_path/Frameworks";
				PRODUCT_BUNDLE_IDENTIFIER = "com.camlittle.Live-Photo-ShareTests";
				PRODUCT_NAME = "$(TARGET_NAME)";
				TEST_HOST = "$(BUILT_PRODUCTS_DIR)/Live Photo Share.app/Live Photo Share";
			};
			name = Release;
		};
		C53681FF1BBCE257004973A9 /* Debug */ = {
			isa = XCBuildConfiguration;
			buildSettings = {
				INFOPLIST_FILE = "Live Photo ShareUITests/Info.plist";
				LD_RUNPATH_SEARCH_PATHS = "$(inherited) @executable_path/Frameworks @loader_path/Frameworks";
				PRODUCT_BUNDLE_IDENTIFIER = "com.camlittle.Live-Photo-ShareUITests";
				PRODUCT_NAME = "$(TARGET_NAME)";
				TEST_TARGET_NAME = "Live Photo Share";
				USES_XCTRUNNER = YES;
			};
			name = Debug;
		};
		C53682001BBCE257004973A9 /* Release */ = {
			isa = XCBuildConfiguration;
			buildSettings = {
				INFOPLIST_FILE = "Live Photo ShareUITests/Info.plist";
				LD_RUNPATH_SEARCH_PATHS = "$(inherited) @executable_path/Frameworks @loader_path/Frameworks";
				PRODUCT_BUNDLE_IDENTIFIER = "com.camlittle.Live-Photo-ShareUITests";
				PRODUCT_NAME = "$(TARGET_NAME)";
				TEST_TARGET_NAME = "Live Photo Share";
				USES_XCTRUNNER = YES;
			};
			name = Release;
		};
		C56D631F1BC21D490012166D /* Debug */ = {
			isa = XCBuildConfiguration;
			buildSettings = {
				ASSETCATALOG_COMPILER_APPICON_NAME = ExportMovie;
				CODE_SIGN_IDENTITY = "iPhone Developer";
				"CODE_SIGN_IDENTITY[sdk=iphoneos*]" = "iPhone Developer";
				INFOPLIST_FILE = "Live Photo Export Video/Info.plist";
				IPHONEOS_DEPLOYMENT_TARGET = 9.1;
				LD_RUNPATH_SEARCH_PATHS = "$(inherited) @executable_path/Frameworks @executable_path/../../Frameworks";
				PRODUCT_BUNDLE_IDENTIFIER = "com.camlittle.Live-Photo-Share.Live-Photo-Export-Video";
				PRODUCT_NAME = "$(TARGET_NAME)";
				SKIP_INSTALL = YES;
				TARGETED_DEVICE_FAMILY = 1;
			};
			name = Debug;
		};
		C56D63201BC21D490012166D /* Release */ = {
			isa = XCBuildConfiguration;
			buildSettings = {
				ASSETCATALOG_COMPILER_APPICON_NAME = ExportMovie;
				CODE_SIGN_IDENTITY = "iPhone Developer";
				"CODE_SIGN_IDENTITY[sdk=iphoneos*]" = "iPhone Developer";
				INFOPLIST_FILE = "Live Photo Export Video/Info.plist";
				IPHONEOS_DEPLOYMENT_TARGET = 9.1;
				LD_RUNPATH_SEARCH_PATHS = "$(inherited) @executable_path/Frameworks @executable_path/../../Frameworks";
				PRODUCT_BUNDLE_IDENTIFIER = "com.camlittle.Live-Photo-Share.Live-Photo-Export-Video";
				PRODUCT_NAME = "$(TARGET_NAME)";
				SKIP_INSTALL = YES;
				TARGETED_DEVICE_FAMILY = 1;
			};
			name = Release;
		};
		C599CBAA1BC36C69003E21FA /* Debug */ = {
			isa = XCBuildConfiguration;
			buildSettings = {
				ASSETCATALOG_COMPILER_APPICON_NAME = ExportMuted;
				CODE_SIGN_IDENTITY = "iPhone Developer";
				"CODE_SIGN_IDENTITY[sdk=iphoneos*]" = "iPhone Developer";
				INFOPLIST_FILE = "Live Photo Mute/Info.plist";
				IPHONEOS_DEPLOYMENT_TARGET = 9.1;
				LD_RUNPATH_SEARCH_PATHS = "$(inherited) @executable_path/Frameworks @executable_path/../../Frameworks";
				PRODUCT_BUNDLE_IDENTIFIER = "com.camlittle.Live-Photo-Share.Live-Photo-Mute";
				PRODUCT_NAME = "$(TARGET_NAME)";
				SKIP_INSTALL = YES;
				TARGETED_DEVICE_FAMILY = 1;
			};
			name = Debug;
		};
		C599CBAB1BC36C69003E21FA /* Release */ = {
			isa = XCBuildConfiguration;
			buildSettings = {
				ASSETCATALOG_COMPILER_APPICON_NAME = ExportMuted;
				CODE_SIGN_IDENTITY = "iPhone Developer";
				"CODE_SIGN_IDENTITY[sdk=iphoneos*]" = "iPhone Developer";
				INFOPLIST_FILE = "Live Photo Mute/Info.plist";
				IPHONEOS_DEPLOYMENT_TARGET = 9.1;
				LD_RUNPATH_SEARCH_PATHS = "$(inherited) @executable_path/Frameworks @executable_path/../../Frameworks";
				PRODUCT_BUNDLE_IDENTIFIER = "com.camlittle.Live-Photo-Share.Live-Photo-Mute";
				PRODUCT_NAME = "$(TARGET_NAME)";
				SKIP_INSTALL = YES;
				TARGETED_DEVICE_FAMILY = 1;
			};
			name = Release;
		};
		C5E0F7E81BC4C19E00CB643C /* Debug */ = {
			isa = XCBuildConfiguration;
			buildSettings = {
				ASSETCATALOG_COMPILER_APPICON_NAME = ExportGIF;
				CODE_SIGN_IDENTITY = "iPhone Developer";
				"CODE_SIGN_IDENTITY[sdk=iphoneos*]" = "iPhone Developer";
				INFOPLIST_FILE = "Live Photo Export GIF/Info.plist";
				IPHONEOS_DEPLOYMENT_TARGET = 9.1;
				LD_RUNPATH_SEARCH_PATHS = "$(inherited) @executable_path/Frameworks @executable_path/../../Frameworks";
				PRODUCT_BUNDLE_IDENTIFIER = "com.camlittle.Live-Photo-Share.Live-Photo-Export-GIF";
				PRODUCT_NAME = "$(TARGET_NAME)";
				SKIP_INSTALL = YES;
				TARGETED_DEVICE_FAMILY = 1;
			};
			name = Debug;
		};
		C5E0F7E91BC4C19E00CB643C /* Release */ = {
			isa = XCBuildConfiguration;
			buildSettings = {
				ASSETCATALOG_COMPILER_APPICON_NAME = ExportGIF;
				CODE_SIGN_IDENTITY = "iPhone Developer";
				"CODE_SIGN_IDENTITY[sdk=iphoneos*]" = "iPhone Developer";
				INFOPLIST_FILE = "Live Photo Export GIF/Info.plist";
				IPHONEOS_DEPLOYMENT_TARGET = 9.1;
				LD_RUNPATH_SEARCH_PATHS = "$(inherited) @executable_path/Frameworks @executable_path/../../Frameworks";
				PRODUCT_BUNDLE_IDENTIFIER = "com.camlittle.Live-Photo-Share.Live-Photo-Export-GIF";
				PRODUCT_NAME = "$(TARGET_NAME)";
				SKIP_INSTALL = YES;
				TARGETED_DEVICE_FAMILY = 1;
			};
			name = Release;
		};
/* End XCBuildConfiguration section */

/* Begin XCConfigurationList section */
		C53681CB1BBCE257004973A9 /* Build configuration list for PBXProject "Live Photo Share" */ = {
			isa = XCConfigurationList;
			buildConfigurations = (
				C53681F61BBCE257004973A9 /* Debug */,
				C53681F71BBCE257004973A9 /* Release */,
			);
			defaultConfigurationIsVisible = 0;
			defaultConfigurationName = Release;
		};
		C53681F81BBCE257004973A9 /* Build configuration list for PBXNativeTarget "Live Share" */ = {
			isa = XCConfigurationList;
			buildConfigurations = (
				C53681F91BBCE257004973A9 /* Debug */,
				C53681FA1BBCE257004973A9 /* Release */,
			);
			defaultConfigurationIsVisible = 0;
			defaultConfigurationName = Release;
		};
		C53681FB1BBCE257004973A9 /* Build configuration list for PBXNativeTarget "Live Photo ShareTests" */ = {
			isa = XCConfigurationList;
			buildConfigurations = (
				C53681FC1BBCE257004973A9 /* Debug */,
				C53681FD1BBCE257004973A9 /* Release */,
			);
			defaultConfigurationIsVisible = 0;
			defaultConfigurationName = Release;
		};
		C53681FE1BBCE257004973A9 /* Build configuration list for PBXNativeTarget "Live Photo ShareUITests" */ = {
			isa = XCConfigurationList;
			buildConfigurations = (
				C53681FF1BBCE257004973A9 /* Debug */,
				C53682001BBCE257004973A9 /* Release */,
			);
			defaultConfigurationIsVisible = 0;
			defaultConfigurationName = Release;
		};
		C56D631E1BC21D490012166D /* Build configuration list for PBXNativeTarget "Live Photo Export Video" */ = {
			isa = XCConfigurationList;
			buildConfigurations = (
				C56D631F1BC21D490012166D /* Debug */,
				C56D63201BC21D490012166D /* Release */,
			);
			defaultConfigurationIsVisible = 0;
			defaultConfigurationName = Release;
		};
		C599CBAC1BC36C69003E21FA /* Build configuration list for PBXNativeTarget "Live Photo Mute" */ = {
			isa = XCConfigurationList;
			buildConfigurations = (
				C599CBAA1BC36C69003E21FA /* Debug */,
				C599CBAB1BC36C69003E21FA /* Release */,
			);
			defaultConfigurationIsVisible = 0;
			defaultConfigurationName = Release;
		};
		C5E0F7E71BC4C19E00CB643C /* Build configuration list for PBXNativeTarget "Live Photo Export GIF" */ = {
			isa = XCConfigurationList;
			buildConfigurations = (
				C5E0F7E81BC4C19E00CB643C /* Debug */,
				C5E0F7E91BC4C19E00CB643C /* Release */,
			);
			defaultConfigurationIsVisible = 0;
			defaultConfigurationName = Release;
		};
/* End XCConfigurationList section */
	};
	rootObject = C53681C81BBCE257004973A9 /* Project object */;
}
